
Microsoft Visual Studio Solution File, Format Version 12.00
# Visual Studio Version 16
VisualStudioVersion = 25.0.1706.2
MinimumVisualStudioVersion = 10.0.40219.1
Project("{FAE04EC0-301F-11D3-BF4B-00C04F79EFBC}") = "Exam_Task_1", "Exam_Task\Exam_Task_1.csproj", "{BFA4D0A5-6BD4-4B6D-B428-EED34FD431D2}"
EndProject
Project("{FAE04EC0-301F-11D3-BF4B-00C04F79EFBC}") = "Exam_task_2", "Exam_task_2\Exam_task_2.csproj", "{9E54E1BA-8E0E-4342-B19E-0AFCD5822873}"
EndProject
Global
	GlobalSection(SolutionConfigurationPlatforms) = preSolution
		Debug|Any CPU = Debug|Any CPU
		Release|Any CPU = Release|Any CPU
	EndGlobalSection
	GlobalSection(ProjectConfigurationPlatforms) = postSolution
		{BFA4D0A5-6BD4-4B6D-B428-EED34FD431D2}.Debug|Any CPU.ActiveCfg = Debug|Any CPU
		{BFA4D0A5-6BD4-4B6D-B428-EED34FD431D2}.Debug|Any CPU.Build.0 = Debug|Any CPU
		{BFA4D0A5-6BD4-4B6D-B428-EED34FD431D2}.Release|Any CPU.ActiveCfg = Release|Any CPU
		{BFA4D0A5-6BD4-4B6D-B428-EED34FD431D2}.Release|Any CPU.Build.0 = Release|Any CPU
		{9E54E1BA-8E0E-4342-B19E-0AFCD5822873}.Debug|Any CPU.ActiveCfg = Debug|Any CPU
		{9E54E1BA-8E0E-4342-B19E-0AFCD5822873}.Debug|Any CPU.Build.0 = Debug|Any CPU
		{9E54E1BA-8E0E-4342-B19E-0AFCD5822873}.Release|Any CPU.ActiveCfg = Release|Any CPU
		{9E54E1BA-8E0E-4342-B19E-0AFCD5822873}.Release|Any CPU.Build.0 = Release|Any CPU
	EndGlobalSection
	GlobalSection(SolutionProperties) = preSolution
		HideSolutionNode = FALSE
	EndGlobalSection
	GlobalSection(ExtensibilityGlobals) = postSolution
		SolutionGuid = {27BD6C9D-9D05-4E10-8B93-084780FF018C}
	EndGlobalSection
EndGlobal
